
Microsoft Visual Studio Solution File, Format Version 12.00
# Visual Studio Version 17
VisualStudioVersion = 17.2.32630.192
MinimumVisualStudioVersion = 10.0.40219.1
Project("{FAE04EC0-301F-11D3-BF4B-00C04F79EFBC}") = "UWPPlatform", "UWPPlatform.csproj", "{AEFD1E3A-9084-4E15-8E7A-0AF6B1D48978}"
EndProject
Global
	GlobalSection(SolutionConfigurationPlatforms) = preSolution
		Debug|ARM = Debug|ARM
		Debug|ARM64 = Debug|ARM64
		Debug|x64 = Debug|x64
		Debug|x86 = Debug|x86
		Release|ARM = Release|ARM
		Release|ARM64 = Release|ARM64
		Release|x64 = Release|x64
		Release|x86 = Release|x86
	EndGlobalSection
	GlobalSection(ProjectConfigurationPlatforms) = postSolution
		{AEFD1E3A-9084-4E15-8E7A-0AF6B1D48978}.Debug|ARM.ActiveCfg = Debug|ARM
		{AEFD1E3A-9084-4E15-8E7A-0AF6B1D48978}.Debug|ARM.Build.0 = Debug|ARM
		{AEFD1E3A-9084-4E15-8E7A-0AF6B1D48978}.Debug|ARM.Deploy.0 = Debug|ARM
		{AEFD1E3A-9084-4E15-8E7A-0AF6B1D48978}.Debug|ARM64.ActiveCfg = Debug|ARM64
		{AEFD1E3A-9084-4E15-8E7A-0AF6B1D48978}.Debug|ARM64.Build.0 = Debug|ARM64
		{AEFD1E3A-9084-4E15-8E7A-0AF6B1D48978}.Debug|ARM64.Deploy.0 = Debug|ARM64
		{AEFD1E3A-9084-4E15-8E7A-0AF6B1D48978}.Debug|x64.ActiveCfg = Debug|x64
		{AEFD1E3A-9084-4E15-8E7A-0AF6B1D48978}.Debug|x64.Build.0 = Debug|x64
		{AEFD1E3A-9084-4E15-8E7A-0AF6B1D48978}.Debug|x64.Deploy.0 = Debug|x64
		{AEFD1E3A-9084-4E15-8E7A-0AF6B1D48978}.Debug|x86.ActiveCfg = Debug|x86
		{AEFD1E3A-9084-4E15-8E7A-0AF6B1D48978}.Debug|x86.Build.0 = Debug|x86
		{AEFD1E3A-9084-4E15-8E7A-0AF6B1D48978}.Debug|x86.Deploy.0 = Debug|x86
		{AEFD1E3A-9084-4E15-8E7A-0AF6B1D48978}.Release|ARM.ActiveCfg = Release|ARM
		{AEFD1E3A-9084-4E15-8E7A-0AF6B1D48978}.Release|ARM.Build.0 = Release|ARM
		{AEFD1E3A-9084-4E15-8E7A-0AF6B1D48978}.Release|ARM.Deploy.0 = Release|ARM
		{AEFD1E3A-9084-4E15-8E7A-0AF6B1D48978}.Release|ARM64.ActiveCfg = Release|ARM64
		{AEFD1E3A-9084-4E15-8E7A-0AF6B1D48978}.Release|ARM64.Build.0 = Release|ARM64
		{AEFD1E3A-9084-4E15-8E7A-0AF6B1D48978}.Release|ARM64.Deploy.0 = Release|ARM64
		{AEFD1E3A-9084-4E15-8E7A-0AF6B1D48978}.Release|x64.ActiveCfg = Release|x64
		{AEFD1E3A-9084-4E15-8E7A-0AF6B1D48978}.Release|x64.Build.0 = Release|x64
		{AEFD1E3A-9084-4E15-8E7A-0AF6B1D48978}.Release|x64.Deploy.0 = Release|x64
		{AEFD1E3A-9084-4E15-8E7A-0AF6B1D48978}.Release|x86.ActiveCfg = Release|x86
		{AEFD1E3A-9084-4E15-8E7A-0AF6B1D48978}.Release|x86.Build.0 = Release|x86
		{AEFD1E3A-9084-4E15-8E7A-0AF6B1D48978}.Release|x86.Deploy.0 = Release|x86
	EndGlobalSection
	GlobalSection(SolutionProperties) = preSolution
		HideSolutionNode = FALSE
	EndGlobalSection
	GlobalSection(ExtensibilityGlobals) = postSolution
		SolutionGuid = {F2C26CBD-942B-4979-954A-5D4566C51CC4}
	EndGlobalSection
EndGlobal
